// !$*UTF8*$!
{
	archiveVersion = 1;
	classes = {
	};
	objectVersion = 46;
	objects = {

/* Begin PBXBuildFile section */
		80A893431BACF3A50094DE97 /* iTunesArtwork.png in Resources */ = {isa = PBXBuildFile; fileRef = 80A893411BACF3A50094DE97 /* iTunesArtwork.png */; };
		80A893441BACF3A50094DE97 /* iTunesArtwork@2x.png in Resources */ = {isa = PBXBuildFile; fileRef = 80A893421BACF3A50094DE97 /* iTunesArtwork@2x.png */; };
		80D2CC6A1BA410AC003B1133 /* AppDelegate.swift in Sources */ = {isa = PBXBuildFile; fileRef = 80D2CC691BA410AC003B1133 /* AppDelegate.swift */; };
		80D2CC6C1BA410AC003B1133 /* ViewController.swift in Sources */ = {isa = PBXBuildFile; fileRef = 80D2CC6B1BA410AC003B1133 /* ViewController.swift */; };
		80D2CC6F1BA410AC003B1133 /* Main.storyboard in Resources */ = {isa = PBXBuildFile; fileRef = 80D2CC6D1BA410AC003B1133 /* Main.storyboard */; };
		80D2CC711BA410AC003B1133 /* Images.xcassets in Resources */ = {isa = PBXBuildFile; fileRef = 80D2CC701BA410AC003B1133 /* Images.xcassets */; };
		80D2CC741BA410AC003B1133 /* LaunchScreen.xib in Resources */ = {isa = PBXBuildFile; fileRef = 80D2CC721BA410AC003B1133 /* LaunchScreen.xib */; };
		80D2CC801BA410AC003B1133 /* twitterApp2Tests.swift in Sources */ = {isa = PBXBuildFile; fileRef = 80D2CC7F1BA410AC003B1133 /* twitterApp2Tests.swift */; };
		80D2CC8A1BA41995003B1133 /* TimeLineTableViewController.swift in Sources */ = {isa = PBXBuildFile; fileRef = 80D2CC891BA41995003B1133 /* TimeLineTableViewController.swift */; };
		80D2CC901BA43058003B1133 /* placeholder.png in Resources */ = {isa = PBXBuildFile; fileRef = 80D2CC8F1BA43058003B1133 /* placeholder.png */; };
		9EB34C8D2732A789CB80CDD8 /* Pods.framework in Frameworks */ = {isa = PBXBuildFile; fileRef = 1D8AF26420550FB89242C626 /* Pods.framework */; settings = {ATTRIBUTES = (Weak, ); }; };
/* End PBXBuildFile section */

/* Begin PBXContainerItemProxy section */
		80D2CC7A1BA410AC003B1133 /* PBXContainerItemProxy */ = {
			isa = PBXContainerItemProxy;
			containerPortal = 80D2CC5C1BA410AC003B1133 /* Project object */;
			proxyType = 1;
			remoteGlobalIDString = 80D2CC631BA410AC003B1133;
			remoteInfo = twitterApp2;
		};
/* End PBXContainerItemProxy section */

/* Begin PBXFileReference section */
		1D8AF26420550FB89242C626 /* Pods.framework */ = {isa = PBXFileReference; explicitFileType = wrapper.framework; includeInIndex = 0; path = Pods.framework; sourceTree = BUILT_PRODUCTS_DIR; };
		1FF56D89274F2C9969B64CEC /* Pods.debug.xcconfig */ = {isa = PBXFileReference; includeInIndex = 1; lastKnownFileType = text.xcconfig; name = Pods.debug.xcconfig; path = "Pods/Target Support Files/Pods/Pods.debug.xcconfig"; sourceTree = "<group>"; };
		80A893411BACF3A50094DE97 /* iTunesArtwork.png */ = {isa = PBXFileReference; lastKnownFileType = image.png; path = iTunesArtwork.png; sourceTree = "<group>"; };
		80A893421BACF3A50094DE97 /* iTunesArtwork@2x.png */ = {isa = PBXFileReference; lastKnownFileType = image.png; path = "iTunesArtwork@2x.png"; sourceTree = "<group>"; };
		80D2CC641BA410AC003B1133 /* twitterApp2.app */ = {isa = PBXFileReference; explicitFileType = wrapper.application; includeInIndex = 0; path = twitterApp2.app; sourceTree = BUILT_PRODUCTS_DIR; };
		80D2CC681BA410AC003B1133 /* Info.plist */ = {isa = PBXFileReference; lastKnownFileType = text.plist.xml; path = Info.plist; sourceTree = "<group>"; };
		80D2CC691BA410AC003B1133 /* AppDelegate.swift */ = {isa = PBXFileReference; lastKnownFileType = sourcecode.swift; path = AppDelegate.swift; sourceTree = "<group>"; };
		80D2CC6B1BA410AC003B1133 /* ViewController.swift */ = {isa = PBXFileReference; lastKnownFileType = sourcecode.swift; path = ViewController.swift; sourceTree = "<group>"; };
		80D2CC6E1BA410AC003B1133 /* Base */ = {isa = PBXFileReference; lastKnownFileType = file.storyboard; name = Base; path = Base.lproj/Main.storyboard; sourceTree = "<group>"; };
		80D2CC701BA410AC003B1133 /* Images.xcassets */ = {isa = PBXFileReference; lastKnownFileType = folder.assetcatalog; path = Images.xcassets; sourceTree = "<group>"; };
		80D2CC731BA410AC003B1133 /* Base */ = {isa = PBXFileReference; lastKnownFileType = file.xib; name = Base; path = Base.lproj/LaunchScreen.xib; sourceTree = "<group>"; };
		80D2CC791BA410AC003B1133 /* twitterApp2Tests.xctest */ = {isa = PBXFileReference; explicitFileType = wrapper.cfbundle; includeInIndex = 0; path = twitterApp2Tests.xctest; sourceTree = BUILT_PRODUCTS_DIR; };
		80D2CC7E1BA410AC003B1133 /* Info.plist */ = {isa = PBXFileReference; lastKnownFileType = text.plist.xml; path = Info.plist; sourceTree = "<group>"; };
		80D2CC7F1BA410AC003B1133 /* twitterApp2Tests.swift */ = {isa = PBXFileReference; lastKnownFileType = sourcecode.swift; path = twitterApp2Tests.swift; sourceTree = "<group>"; };
		80D2CC891BA41995003B1133 /* TimeLineTableViewController.swift */ = {isa = PBXFileReference; fileEncoding = 4; lastKnownFileType = sourcecode.swift; path = TimeLineTableViewController.swift; sourceTree = "<group>"; };
		80D2CC8B1BA42854003B1133 /* twitterApp2-Bridging-Header.h */ = {isa = PBXFileReference; lastKnownFileType = sourcecode.c.h; path = "twitterApp2-Bridging-Header.h"; sourceTree = "<group>"; };
		80D2CC8F1BA43058003B1133 /* placeholder.png */ = {isa = PBXFileReference; lastKnownFileType = image.png; path = placeholder.png; sourceTree = "<group>"; };
		C811ED08AD6411D20BAAB795 /* Pods.release.xcconfig */ = {isa = PBXFileReference; includeInIndex = 1; lastKnownFileType = text.xcconfig; name = Pods.release.xcconfig; path = "Pods/Target Support Files/Pods/Pods.release.xcconfig"; sourceTree = "<group>"; };
/* End PBXFileReference section */

/* Begin PBXFrameworksBuildPhase section */
		80D2CC611BA410AC003B1133 /* Frameworks */ = {
			isa = PBXFrameworksBuildPhase;
			buildActionMask = 2147483647;
			files = (
				9EB34C8D2732A789CB80CDD8 /* Pods.framework in Frameworks */,
			);
			runOnlyForDeploymentPostprocessing = 0;
		};
		80D2CC761BA410AC003B1133 /* Frameworks */ = {
			isa = PBXFrameworksBuildPhase;
			buildActionMask = 2147483647;
			files = (
			);
			runOnlyForDeploymentPostprocessing = 0;
		};
/* End PBXFrameworksBuildPhase section */

/* Begin PBXGroup section */
		80D2CC5B1BA410AC003B1133 = {
			isa = PBXGroup;
			children = (
				80D2CC8E1BA43057003B1133 /* image */,
				80D2CC661BA410AC003B1133 /* twitterApp2 */,
				80D2CC7C1BA410AC003B1133 /* twitterApp2Tests */,
				80D2CC651BA410AC003B1133 /* Products */,
				8197A9960D043DD16A5BF62C /* Pods */,
				CD77A51084EC2DE1C2CC8858 /* Frameworks */,
			);
			sourceTree = "<group>";
		};
		80D2CC651BA410AC003B1133 /* Products */ = {
			isa = PBXGroup;
			children = (
				80D2CC641BA410AC003B1133 /* twitterApp2.app */,
				80D2CC791BA410AC003B1133 /* twitterApp2Tests.xctest */,
			);
			name = Products;
			sourceTree = "<group>";
		};
		80D2CC661BA410AC003B1133 /* twitterApp2 */ = {
			isa = PBXGroup;
			children = (
				80D2CC691BA410AC003B1133 /* AppDelegate.swift */,
				80D2CC6B1BA410AC003B1133 /* ViewController.swift */,
				80D2CC891BA41995003B1133 /* TimeLineTableViewController.swift */,
				80D2CC6D1BA410AC003B1133 /* Main.storyboard */,
				80D2CC701BA410AC003B1133 /* Images.xcassets */,
				80D2CC721BA410AC003B1133 /* LaunchScreen.xib */,
				80D2CC671BA410AC003B1133 /* Supporting Files */,
				80D2CC8B1BA42854003B1133 /* twitterApp2-Bridging-Header.h */,
			);
			path = twitterApp2;
			sourceTree = "<group>";
		};
		80D2CC671BA410AC003B1133 /* Supporting Files */ = {
			isa = PBXGroup;
			children = (
				80D2CC681BA410AC003B1133 /* Info.plist */,
			);
			name = "Supporting Files";
			sourceTree = "<group>";
		};
		80D2CC7C1BA410AC003B1133 /* twitterApp2Tests */ = {
			isa = PBXGroup;
			children = (
				80D2CC7F1BA410AC003B1133 /* twitterApp2Tests.swift */,
				80D2CC7D1BA410AC003B1133 /* Supporting Files */,
			);
			path = twitterApp2Tests;
			sourceTree = "<group>";
		};
		80D2CC7D1BA410AC003B1133 /* Supporting Files */ = {
			isa = PBXGroup;
			children = (
				80D2CC7E1BA410AC003B1133 /* Info.plist */,
			);
			name = "Supporting Files";
			sourceTree = "<group>";
		};
		80D2CC8E1BA43057003B1133 /* image */ = {
			isa = PBXGroup;
			children = (
				80A893411BACF3A50094DE97 /* iTunesArtwork.png */,
				80A893421BACF3A50094DE97 /* iTunesArtwork@2x.png */,
				80D2CC8F1BA43058003B1133 /* placeholder.png */,
			);
			path = image;
			sourceTree = "<group>";
		};
		8197A9960D043DD16A5BF62C /* Pods */ = {
			isa = PBXGroup;
			children = (
				1FF56D89274F2C9969B64CEC /* Pods.debug.xcconfig */,
				C811ED08AD6411D20BAAB795 /* Pods.release.xcconfig */,
			);
			name = Pods;
			sourceTree = "<group>";
		};
		CD77A51084EC2DE1C2CC8858 /* Frameworks */ = {
			isa = PBXGroup;
			children = (
				1D8AF26420550FB89242C626 /* Pods.framework */,
			);
			name = Frameworks;
			sourceTree = "<group>";
		};
/* End PBXGroup section */

/* Begin PBXNativeTarget section */
		80D2CC631BA410AC003B1133 /* twitterApp2 */ = {
			isa = PBXNativeTarget;
			buildConfigurationList = 80D2CC831BA410AC003B1133 /* Build configuration list for PBXNativeTarget "twitterApp2" */;
			buildPhases = (
				80B5AD8AC44CCA3880C0732B /* Check Pods Manifest.lock */,
				80D2CC601BA410AC003B1133 /* Sources */,
				80D2CC611BA410AC003B1133 /* Frameworks */,
				80D2CC621BA410AC003B1133 /* Resources */,
				5EFBFFC389990180F2716111 /* Embed Pods Frameworks */,
				C1E6564FB9D07C721E8A978F /* Copy Pods Resources */,
			);
			buildRules = (
			);
			dependencies = (
			);
			name = twitterApp2;
			productName = twitterApp2;
			productReference = 80D2CC641BA410AC003B1133 /* twitterApp2.app */;
			productType = "com.apple.product-type.application";
		};
		80D2CC781BA410AC003B1133 /* twitterApp2Tests */ = {
			isa = PBXNativeTarget;
			buildConfigurationList = 80D2CC861BA410AC003B1133 /* Build configuration list for PBXNativeTarget "twitterApp2Tests" */;
			buildPhases = (
				80D2CC751BA410AC003B1133 /* Sources */,
				80D2CC761BA410AC003B1133 /* Frameworks */,
				80D2CC771BA410AC003B1133 /* Resources */,
			);
			buildRules = (
			);
			dependencies = (
				80D2CC7B1BA410AC003B1133 /* PBXTargetDependency */,
			);
			name = twitterApp2Tests;
			productName = twitterApp2Tests;
			productReference = 80D2CC791BA410AC003B1133 /* twitterApp2Tests.xctest */;
			productType = "com.apple.product-type.bundle.unit-test";
		};
/* End PBXNativeTarget section */

/* Begin PBXProject section */
		80D2CC5C1BA410AC003B1133 /* Project object */ = {
			isa = PBXProject;
			attributes = {
				LastUpgradeCheck = 0640;
				ORGANIZATIONNAME = "あゆみ";
				TargetAttributes = {
					80D2CC631BA410AC003B1133 = {
						CreatedOnToolsVersion = 6.4;
					};
					80D2CC781BA410AC003B1133 = {
						CreatedOnToolsVersion = 6.4;
						TestTargetID = 80D2CC631BA410AC003B1133;
					};
				};
			};
			buildConfigurationList = 80D2CC5F1BA410AC003B1133 /* Build configuration list for PBXProject "twitterApp2" */;
			compatibilityVersion = "Xcode 3.2";
			developmentRegion = English;
			hasScannedForEncodings = 0;
			knownRegions = (
				en,
				Base,
			);
			mainGroup = 80D2CC5B1BA410AC003B1133;
			productRefGroup = 80D2CC651BA410AC003B1133 /* Products */;
			projectDirPath = "";
			projectRoot = "";
			targets = (
				80D2CC631BA410AC003B1133 /* twitterApp2 */,
				80D2CC781BA410AC003B1133 /* twitterApp2Tests */,
			);
		};
/* End PBXProject section */

/* Begin PBXResourcesBuildPhase section */
		80D2CC621BA410AC003B1133 /* Resources */ = {
			isa = PBXResourcesBuildPhase;
			buildActionMask = 2147483647;
			files = (
				80D2CC6F1BA410AC003B1133 /* Main.storyboard in Resources */,
				80A893441BACF3A50094DE97 /* iTunesArtwork@2x.png in Resources */,
				80D2CC901BA43058003B1133 /* placeholder.png in Resources */,
				80D2CC741BA410AC003B1133 /* LaunchScreen.xib in Resources */,
				80A893431BACF3A50094DE97 /* iTunesArtwork.png in Resources */,
				80D2CC711BA410AC003B1133 /* Images.xcassets in Resources */,
			);
			runOnlyForDeploymentPostprocessing = 0;
		};
		80D2CC771BA410AC003B1133 /* Resources */ = {
			isa = PBXResourcesBuildPhase;
			buildActionMask = 2147483647;
			files = (
			);
			runOnlyForDeploymentPostprocessing = 0;
		};
/* End PBXResourcesBuildPhase section */

/* Begin PBXShellScriptBuildPhase section */
		5EFBFFC389990180F2716111 /* Embed Pods Frameworks */ = {
			isa = PBXShellScriptBuildPhase;
			buildActionMask = 2147483647;
			files = (
			);
			inputPaths = (
			);
			name = "Embed Pods Frameworks";
			outputPaths = (
			);
			runOnlyForDeploymentPostprocessing = 0;
			shellPath = /bin/sh;
			shellScript = "\"${SRCROOT}/Pods/Target Support Files/Pods/Pods-frameworks.sh\"\n";
			showEnvVarsInLog = 0;
		};
		80B5AD8AC44CCA3880C0732B /* Check Pods Manifest.lock */ = {
			isa = PBXShellScriptBuildPhase;
			buildActionMask = 2147483647;
			files = (
			);
			inputPaths = (
			);
			name = "Check Pods Manifest.lock";
			outputPaths = (
			);
			runOnlyForDeploymentPostprocessing = 0;
			shellPath = /bin/sh;
			shellScript = "diff \"${PODS_ROOT}/../Podfile.lock\" \"${PODS_ROOT}/Manifest.lock\" > /dev/null\nif [[ $? != 0 ]] ; then\n    cat << EOM\nerror: The sandbox is not in sync with the Podfile.lock. Run 'pod install' or update your CocoaPods installation.\nEOM\n    exit 1\nfi\n";
			showEnvVarsInLog = 0;
		};
		C1E6564FB9D07C721E8A978F /* Copy Pods Resources */ = {
			isa = PBXShellScriptBuildPhase;
			buildActionMask = 2147483647;
			files = (
			);
			inputPaths = (
			);
			name = "Copy Pods Resources";
			outputPaths = (
			);
			runOnlyForDeploymentPostprocessing = 0;
			shellPath = /bin/sh;
			shellScript = "\"${SRCROOT}/Pods/Target Support Files/Pods/Pods-resources.sh\"\n";
			showEnvVarsInLog = 0;
		};
/* End PBXShellScriptBuildPhase section */

/* Begin PBXSourcesBuildPhase section */
		80D2CC601BA410AC003B1133 /* Sources */ = {
			isa = PBXSourcesBuildPhase;
			buildActionMask = 2147483647;
			files = (
				80D2CC6C1BA410AC003B1133 /* ViewController.swift in Sources */,
				80D2CC6A1BA410AC003B1133 /* AppDelegate.swift in Sources */,
				80D2CC8A1BA41995003B1133 /* TimeLineTableViewController.swift in Sources */,
			);
			runOnlyForDeploymentPostprocessing = 0;
		};
		80D2CC751BA410AC003B1133 /* Sources */ = {
			isa = PBXSourcesBuildPhase;
			buildActionMask = 2147483647;
			files = (
				80D2CC801BA410AC003B1133 /* twitterApp2Tests.swift in Sources */,
			);
			runOnlyForDeploymentPostprocessing = 0;
		};
/* End PBXSourcesBuildPhase section */

/* Begin PBXTargetDependency section */
		80D2CC7B1BA410AC003B1133 /* PBXTargetDependency */ = {
			isa = PBXTargetDependency;
			target = 80D2CC631BA410AC003B1133 /* twitterApp2 */;
			targetProxy = 80D2CC7A1BA410AC003B1133 /* PBXContainerItemProxy */;
		};
/* End PBXTargetDependency section */

/* Begin PBXVariantGroup section */
		80D2CC6D1BA410AC003B1133 /* Main.storyboard */ = {
			isa = PBXVariantGroup;
			children = (
				80D2CC6E1BA410AC003B1133 /* Base */,
			);
			name = Main.storyboard;
			sourceTree = "<group>";
		};
		80D2CC721BA410AC003B1133 /* LaunchScreen.xib */ = {
			isa = PBXVariantGroup;
			children = (
				80D2CC731BA410AC003B1133 /* Base */,
			);
			name = LaunchScreen.xib;
			sourceTree = "<group>";
		};
/* End PBXVariantGroup section */

/* Begin XCBuildConfiguration section */
		80D2CC811BA410AC003B1133 /* Debug */ = {
			isa = XCBuildConfiguration;
			buildSettings = {
				ALWAYS_SEARCH_USER_PATHS = NO;
				CLANG_CXX_LANGUAGE_STANDARD = "gnu++0x";
				CLANG_CXX_LIBRARY = "libc++";
				CLANG_ENABLE_MODULES = YES;
				CLANG_ENABLE_OBJC_ARC = YES;
				CLANG_WARN_BOOL_CONVERSION = YES;
				CLANG_WARN_CONSTANT_CONVERSION = YES;
				CLANG_WARN_DIRECT_OBJC_ISA_USAGE = YES_ERROR;
				CLANG_WARN_EMPTY_BODY = YES;
				CLANG_WARN_ENUM_CONVERSION = YES;
				CLANG_WARN_INT_CONVERSION = YES;
				CLANG_WARN_OBJC_ROOT_CLASS = YES_ERROR;
				CLANG_WARN_UNREACHABLE_CODE = YES;
				CLANG_WARN__DUPLICATE_METHOD_MATCH = YES;
				"CODE_SIGN_IDENTITY[sdk=iphoneos*]" = "iPhone Developer";
				COPY_PHASE_STRIP = NO;
				DEBUG_INFORMATION_FORMAT = "dwarf-with-dsym";
				ENABLE_STRICT_OBJC_MSGSEND = YES;
				GCC_C_LANGUAGE_STANDARD = gnu99;
				GCC_DYNAMIC_NO_PIC = NO;
				GCC_NO_COMMON_BLOCKS = YES;
				GCC_OPTIMIZATION_LEVEL = 0;
				GCC_PREPROCESSOR_DEFINITIONS = (
					"DEBUG=1",
					"$(inherited)",
				);
				GCC_SYMBOLS_PRIVATE_EXTERN = NO;
				GCC_WARN_64_TO_32_BIT_CONVERSION = YES;
				GCC_WARN_ABOUT_RETURN_TYPE = YES_ERROR;
				GCC_WARN_UNDECLARED_SELECTOR = YES;
				GCC_WARN_UNINITIALIZED_AUTOS = YES_AGGRESSIVE;
				GCC_WARN_UNUSED_FUNCTION = YES;
				GCC_WARN_UNUSED_VARIABLE = YES;
				IPHONEOS_DEPLOYMENT_TARGET = 8.4;
				MTL_ENABLE_DEBUG_INFO = YES;
				ONLY_ACTIVE_ARCH = YES;
				SDKROOT = iphoneos;
				SWIFT_OPTIMIZATION_LEVEL = "-Onone";
				TARGETED_DEVICE_FAMILY = "1,2";
			};
			name = Debug;
		};
		80D2CC821BA410AC003B1133 /* Release */ = {
			isa = XCBuildConfiguration;
			buildSettings = {
				ALWAYS_SEARCH_USER_PATHS = NO;
				CLANG_CXX_LANGUAGE_STANDARD = "gnu++0x";
				CLANG_CXX_LIBRARY = "libc++";
				CLANG_ENABLE_MODULES = YES;
				CLANG_ENABLE_OBJC_ARC = YES;
				CLANG_WARN_BOOL_CONVERSION = YES;
				CLANG_WARN_CONSTANT_CONVERSION = YES;
				CLANG_WARN_DIRECT_OBJC_ISA_USAGE = YES_ERROR;
				CLANG_WARN_EMPTY_BODY = YES;
				CLANG_WARN_ENUM_CONVERSION = YES;
				CLANG_WARN_INT_CONVERSION = YES;
				CLANG_WARN_OBJC_ROOT_CLASS = YES_ERROR;
				CLANG_WARN_UNREACHABLE_CODE = YES;
				CLANG_WARN__DUPLICATE_METHOD_MATCH = YES;
				"CODE_SIGN_IDENTITY[sdk=iphoneos*]" = "iPhone Developer";
				COPY_PHASE_STRIP = NO;
				DEBUG_INFORMATION_FORMAT = "dwarf-with-dsym";
				ENABLE_NS_ASSERTIONS = NO;
				ENABLE_STRICT_OBJC_MSGSEND = YES;
				GCC_C_LANGUAGE_STANDARD = gnu99;
				GCC_NO_COMMON_BLOCKS = YES;
				GCC_WARN_64_TO_32_BIT_CONVERSION = YES;
				GCC_WARN_ABOUT_RETURN_TYPE = YES_ERROR;
				GCC_WARN_UNDECLARED_SELECTOR = YES;
				GCC_WARN_UNINITIALIZED_AUTOS = YES_AGGRESSIVE;
				GCC_WARN_UNUSED_FUNCTION = YES;
				GCC_WARN_UNUSED_VARIABLE = YES;
				IPHONEOS_DEPLOYMENT_TARGET = 8.4;
				MTL_ENABLE_DEBUG_INFO = NO;
				SDKROOT = iphoneos;
				TARGETED_DEVICE_FAMILY = "1,2";
				VALIDATE_PRODUCT = YES;
			};
			name = Release;
		};
		80D2CC841BA410AC003B1133 /* Debug */ = {
			isa = XCBuildConfiguration;
			baseConfigurationReference = 1FF56D89274F2C9969B64CEC /* Pods.debug.xcconfig */;
			buildSettings = {
				ASSETCATALOG_COMPILER_APPICON_NAME = AppIcon;
				CLANG_ENABLE_MODULES = YES;
				INFOPLIST_FILE = twitterApp2/Info.plist;
				LD_RUNPATH_SEARCH_PATHS = "$(inherited) @executable_path/Frameworks";
				PRODUCT_NAME = "$(TARGET_NAME)";
				SWIFT_OBJC_BRIDGING_HEADER = "twitterApp2/twitterApp2-Bridging-Header.h";
				SWIFT_OPTIMIZATION_LEVEL = "-Onone";
			};
			name = Debug;
		};
		80D2CC851BA410AC003B1133 /* Release */ = {
			isa = XCBuildConfiguration;
			baseConfigurationReference = C811ED08AD6411D20BAAB795 /* Pods.release.xcconfig */;
			buildSettings = {
				ASSETCATALOG_COMPILER_APPICON_NAME = AppIcon;
				CLANG_ENABLE_MODULES = YES;
				INFOPLIST_FILE = twitterApp2/Info.plist;
				LD_RUNPATH_SEARCH_PATHS = "$(inherited) @executable_path/Frameworks";
				PRODUCT_NAME = "$(TARGET_NAME)";
				SWIFT_OBJC_BRIDGING_HEADER = "twitterApp2/twitterApp2-Bridging-Header.h";
			};
			name = Release;
		};
		80D2CC871BA410AC003B1133 /* Debug */ = {
			isa = XCBuildConfiguration;
			buildSettings = {
				BUNDLE_LOADER = "$(TEST_HOST)";
				FRAMEWORK_SEARCH_PATHS = (
					"$(SDKROOT)/Developer/Library/Frameworks",
					"$(inherited)",
				);
				GCC_PREPROCESSOR_DEFINITIONS = (
					"DEBUG=1",
					"$(inherited)",
				);
				INFOPLIST_FILE = twitterApp2Tests/Info.plist;
				LD_RUNPATH_SEARCH_PATHS = "$(inherited) @executable_path/Frameworks @loader_path/Frameworks";
				PRODUCT_NAME = "$(TARGET_NAME)";
				TEST_HOST = "$(BUILT_PRODUCTS_DIR)/twitterApp2.app/twitterApp2";
			};
			name = Debug;
		};
		80D2CC881BA410AC003B1133 /* Release */ = {
			isa = XCBuildConfiguration;
			buildSettings = {
				BUNDLE_LOADER = "$(TEST_HOST)";
				FRAMEWORK_SEARCH_PATHS = (
					"$(SDKROOT)/Developer/Library/Frameworks",
					"$(inherited)",
				);
				INFOPLIST_FILE = twitterApp2Tests/Info.plist;
				LD_RUNPATH_SEARCH_PATHS = "$(inherited) @executable_path/Frameworks @loader_path/Frameworks";
				PRODUCT_NAME = "$(TARGET_NAME)";
				TEST_HOST = "$(BUILT_PRODUCTS_DIR)/twitterApp2.app/twitterApp2";
			};
			name = Release;
		};
/* End XCBuildConfiguration section */

/* Begin XCConfigurationList section */
		80D2CC5F1BA410AC003B1133 /* Build configuration list for PBXProject "twitterApp2" */ = {
			isa = XCConfigurationList;
			buildConfigurations = (
				80D2CC811BA410AC003B1133 /* Debug */,
				80D2CC821BA410AC003B1133 /* Release */,
			);
			defaultConfigurationIsVisible = 0;
			defaultConfigurationName = Release;
		};
		80D2CC831BA410AC003B1133 /* Build configuration list for PBXNativeTarget "twitterApp2" */ = {
			isa = XCConfigurationList;
			buildConfigurations = (
				80D2CC841BA410AC003B1133 /* Debug */,
				80D2CC851BA410AC003B1133 /* Release */,
			);
			defaultConfigurationIsVisible = 0;
			defaultConfigurationName = Release;
		};
		80D2CC861BA410AC003B1133 /* Build configuration list for PBXNativeTarget "twitterApp2Tests" */ = {
			isa = XCConfigurationList;
			buildConfigurations = (
				80D2CC871BA410AC003B1133 /* Debug */,
				80D2CC881BA410AC003B1133 /* Release */,
			);
			defaultConfigurationIsVisible = 0;
			defaultConfigurationName = Release;
		};
/* End XCConfigurationList section */
	};
	rootObject = 80D2CC5C1BA410AC003B1133 /* Project object */;
}
